
Microsoft Visual Studio Solution File, Format Version 12.00
# Visual Studio Version 17
VisualStudioVersion = 17.9.34728.123
MinimumVisualStudioVersion = 10.0.40219.1
Project("{9A19103F-16F7-4668-BE54-9A1E7A4F7556}") = "ServiceBusQueueAndTopicsSenderReceiver", "ServiceBusQueueAndTopicsSenderReceiver\ServiceBusQueueAndTopicsSenderReceiver.csproj", "{773056BB-7832-44CC-A5D3-D6051AA131AB}"
EndProject
Global
	GlobalSection(SolutionConfigurationPlatforms) = preSolution
		Debug|Any CPU = Debug|Any CPU
		Release|Any CPU = Release|Any CPU
	EndGlobalSection
	GlobalSection(ProjectConfigurationPlatforms) = postSolution
		{773056BB-7832-44CC-A5D3-D6051AA131AB}.Debug|Any CPU.ActiveCfg = Debug|Any CPU
		{773056BB-7832-44CC-A5D3-D6051AA131AB}.Debug|Any CPU.Build.0 = Debug|Any CPU
		{773056BB-7832-44CC-A5D3-D6051AA131AB}.Release|Any CPU.ActiveCfg = Release|Any CPU
		{773056BB-7832-44CC-A5D3-D6051AA131AB}.Release|Any CPU.Build.0 = Release|Any CPU
	EndGlobalSection
	GlobalSection(SolutionProperties) = preSolution
		HideSolutionNode = FALSE
	EndGlobalSection
	GlobalSection(ExtensibilityGlobals) = postSolution
		SolutionGuid = {B376D697-DDD2-4C0C-A25D-86B18900DF42}
	EndGlobalSection
EndGlobal
